// !$*UTF8*$!
{
	archiveVersion = 1;
	classes = {
	};
	objectVersion = 56;
	objects = {

/* Begin PBXBuildFile section */
		C200F59B2ACB900500601221 /* Variable_Compensation_CalculatorApp.swift in Sources */ = {isa = PBXBuildFile; fileRef = C200F59A2ACB900500601221 /* Variable_Compensation_CalculatorApp.swift */; };
		C200F59D2ACB900500601221 /* ContentView.swift in Sources */ = {isa = PBXBuildFile; fileRef = C200F59C2ACB900500601221 /* ContentView.swift */; };
		C200F59F2ACB900600601221 /* Assets.xcassets in Resources */ = {isa = PBXBuildFile; fileRef = C200F59E2ACB900600601221 /* Assets.xcassets */; };
		C200F5A22ACB900600601221 /* Preview Assets.xcassets in Resources */ = {isa = PBXBuildFile; fileRef = C200F5A12ACB900600601221 /* Preview Assets.xcassets */; };
		C20C42382AEAE8F200AB4F7B /* CalculatorModel.swift in Sources */ = {isa = PBXBuildFile; fileRef = C20C42372AEAE8F200AB4F7B /* CalculatorModel.swift */; };
		C20C423B2AEAEBC700AB4F7B /* OSLog+Extensions.swift in Sources */ = {isa = PBXBuildFile; fileRef = C20C423A2AEAEBC700AB4F7B /* OSLog+Extensions.swift */; };
		C24522262BD42B2C004E0FB6 /* CustomStepper.swift in Sources */ = {isa = PBXBuildFile; fileRef = C24522252BD42B2C004E0FB6 /* CustomStepper.swift */; };
		C24522282BD7F1EC004E0FB6 /* AcademicAndAdministrativeModel.swift in Sources */ = {isa = PBXBuildFile; fileRef = C24522272BD7F1EC004E0FB6 /* AcademicAndAdministrativeModel.swift */; };
		C245222A2BD80713004E0FB6 /* Double+Extensions.swift in Sources */ = {isa = PBXBuildFile; fileRef = C24522292BD80713004E0FB6 /* Double+Extensions.swift */; };
		C251BF2C2BD18C850082F8F2 /* Styles.swift in Sources */ = {isa = PBXBuildFile; fileRef = C251BF2B2BD18C850082F8F2 /* Styles.swift */; };
		C251BF2F2BD2CD1D0082F8F2 /* SectionLabelView.swift in Sources */ = {isa = PBXBuildFile; fileRef = C251BF2E2BD2CD1D0082F8F2 /* SectionLabelView.swift */; };
		C251BF312BD2E3FE0082F8F2 /* SectionIsExpanded+EnvironmentValue.swift in Sources */ = {isa = PBXBuildFile; fileRef = C251BF302BD2E3FE0082F8F2 /* SectionIsExpanded+EnvironmentValue.swift */; };
		C25E58632AE6D9EC001A4277 /* PracticeEvolutionModel.swift in Sources */ = {isa = PBXBuildFile; fileRef = C25E58622AE6D9EC001A4277 /* PracticeEvolutionModel.swift */; };
		C25E58652AE6F14F001A4277 /* QualityMeasuresModel.swift in Sources */ = {isa = PBXBuildFile; fileRef = C25E58642AE6F14F001A4277 /* QualityMeasuresModel.swift */; };
		C25E58672AE6F1F0001A4277 /* QualitySection.swift in Sources */ = {isa = PBXBuildFile; fileRef = C25E58662AE6F1F0001A4277 /* QualitySection.swift */; };
		C25E7E942AE051EE005615D1 /* AcademicSection.swift in Sources */ = {isa = PBXBuildFile; fileRef = C25E7E932AE051EE005615D1 /* AcademicSection.swift */; };
		C25E7E962AE05335005615D1 /* AcademicProductivityModel.swift in Sources */ = {isa = PBXBuildFile; fileRef = C25E7E952AE05335005615D1 /* AcademicProductivityModel.swift */; };
		C26E0DA12BE41DC700896843 /* README.md in Resources */ = {isa = PBXBuildFile; fileRef = C26E0DA02BE41DC700896843 /* README.md */; };
		C28016FD2B0E8BAD007F2E3B /* PrivacyInfo.xcprivacy in Resources */ = {isa = PBXBuildFile; fileRef = C28016FC2B0E8BAD007F2E3B /* PrivacyInfo.xcprivacy */; };
		C2BCAC242AE0B1E000CA2C31 /* ClinicalProductivityModel.swift in Sources */ = {isa = PBXBuildFile; fileRef = C2BCAC232AE0B1E000CA2C31 /* ClinicalProductivityModel.swift */; };
		C2BCAC262AE0B34500CA2C31 /* ClinicalSection.swift in Sources */ = {isa = PBXBuildFile; fileRef = C2BCAC252AE0B34400CA2C31 /* ClinicalSection.swift */; };
		C2BCAC282AE1806600CA2C31 /* VacationModel.swift in Sources */ = {isa = PBXBuildFile; fileRef = C2BCAC272AE1806600CA2C31 /* VacationModel.swift */; };
		C2BCAC2C2AE1814E00CA2C31 /* WellnessAndResiliencySection.swift in Sources */ = {isa = PBXBuildFile; fileRef = C2BCAC2B2AE1814E00CA2C31 /* WellnessAndResiliencySection.swift */; };
		C2BCAC2E2AE1817B00CA2C31 /* WARActivityModel.swift in Sources */ = {isa = PBXBuildFile; fileRef = C2BCAC2D2AE1817B00CA2C31 /* WARActivityModel.swift */; };
		C2BCAC302AE18C8800CA2C31 /* SocialProgressModel.swift in Sources */ = {isa = PBXBuildFile; fileRef = C2BCAC2F2AE18C8800CA2C31 /* SocialProgressModel.swift */; };
		C2BCAC322AE2C53200CA2C31 /* SocialProgressPracticeEvolutionSection.swift in Sources */ = {isa = PBXBuildFile; fileRef = C2BCAC312AE2C53200CA2C31 /* SocialProgressPracticeEvolutionSection.swift */; };
		C2E0F4062AFAAAA300A92FCA /* VCFormView.swift in Sources */ = {isa = PBXBuildFile; fileRef = C2E0F4052AFAAAA300A92FCA /* VCFormView.swift */; };
		C2F9059E2B19719700E1E906 /* AASection.swift in Sources */ = {isa = PBXBuildFile; fileRef = C2F9059D2B19719700E1E906 /* AASection.swift */; };
/* End PBXBuildFile section */

/* Begin PBXFileReference section */
		C200F5972ACB900500601221 /* Variable Compensation Calculator.app */ = {isa = PBXFileReference; explicitFileType = wrapper.application; includeInIndex = 0; path = "Variable Compensation Calculator.app"; sourceTree = BUILT_PRODUCTS_DIR; };
		C200F59A2ACB900500601221 /* Variable_Compensation_CalculatorApp.swift */ = {isa = PBXFileReference; lastKnownFileType = sourcecode.swift; path = Variable_Compensation_CalculatorApp.swift; sourceTree = "<group>"; };
		C200F59C2ACB900500601221 /* ContentView.swift */ = {isa = PBXFileReference; lastKnownFileType = sourcecode.swift; path = ContentView.swift; sourceTree = "<group>"; };
		C200F59E2ACB900600601221 /* Assets.xcassets */ = {isa = PBXFileReference; lastKnownFileType = folder.assetcatalog; path = Assets.xcassets; sourceTree = "<group>"; };
		C200F5A12ACB900600601221 /* Preview Assets.xcassets */ = {isa = PBXFileReference; lastKnownFileType = folder.assetcatalog; path = "Preview Assets.xcassets"; sourceTree = "<group>"; };
		C20C42372AEAE8F200AB4F7B /* CalculatorModel.swift */ = {isa = PBXFileReference; fileEncoding = 4; lastKnownFileType = sourcecode.swift; path = CalculatorModel.swift; sourceTree = "<group>"; };
		C20C423A2AEAEBC700AB4F7B /* OSLog+Extensions.swift */ = {isa = PBXFileReference; lastKnownFileType = sourcecode.swift; path = "OSLog+Extensions.swift"; sourceTree = "<group>"; };
		C24522252BD42B2C004E0FB6 /* CustomStepper.swift */ = {isa = PBXFileReference; lastKnownFileType = sourcecode.swift; path = CustomStepper.swift; sourceTree = "<group>"; };
		C24522272BD7F1EC004E0FB6 /* AcademicAndAdministrativeModel.swift */ = {isa = PBXFileReference; lastKnownFileType = sourcecode.swift; path = AcademicAndAdministrativeModel.swift; sourceTree = "<group>"; };
		C24522292BD80713004E0FB6 /* Double+Extensions.swift */ = {isa = PBXFileReference; lastKnownFileType = sourcecode.swift; path = "Double+Extensions.swift"; sourceTree = "<group>"; };
		C251BF2B2BD18C850082F8F2 /* Styles.swift */ = {isa = PBXFileReference; lastKnownFileType = sourcecode.swift; path = Styles.swift; sourceTree = "<group>"; };
		C251BF2E2BD2CD1D0082F8F2 /* SectionLabelView.swift */ = {isa = PBXFileReference; lastKnownFileType = sourcecode.swift; path = SectionLabelView.swift; sourceTree = "<group>"; };
		C251BF302BD2E3FE0082F8F2 /* SectionIsExpanded+EnvironmentValue.swift */ = {isa = PBXFileReference; lastKnownFileType = sourcecode.swift; path = "SectionIsExpanded+EnvironmentValue.swift"; sourceTree = "<group>"; };
		C25E58622AE6D9EC001A4277 /* PracticeEvolutionModel.swift */ = {isa = PBXFileReference; lastKnownFileType = sourcecode.swift; path = PracticeEvolutionModel.swift; sourceTree = "<group>"; };
		C25E58642AE6F14F001A4277 /* QualityMeasuresModel.swift */ = {isa = PBXFileReference; lastKnownFileType = sourcecode.swift; path = QualityMeasuresModel.swift; sourceTree = "<group>"; };
		C25E58662AE6F1F0001A4277 /* QualitySection.swift */ = {isa = PBXFileReference; lastKnownFileType = sourcecode.swift; path = QualitySection.swift; sourceTree = "<group>"; };
		C25E7E932AE051EE005615D1 /* AcademicSection.swift */ = {isa = PBXFileReference; lastKnownFileType = sourcecode.swift; path = AcademicSection.swift; sourceTree = "<group>"; };
		C25E7E952AE05335005615D1 /* AcademicProductivityModel.swift */ = {isa = PBXFileReference; lastKnownFileType = sourcecode.swift; path = AcademicProductivityModel.swift; sourceTree = "<group>"; };
		C26E0DA02BE41DC700896843 /* README.md */ = {isa = PBXFileReference; fileEncoding = 4; lastKnownFileType = net.daringfireball.markdown; path = README.md; sourceTree = SOURCE_ROOT; };
		C26E0DA22BE41E3500896843 /* Privacy.md */ = {isa = PBXFileReference; lastKnownFileType = net.daringfireball.markdown; path = Privacy.md; sourceTree = "<group>"; };
		C28016FB2B0E8B33007F2E3B /* Variable-Compensation-Calculator-Info.plist */ = {isa = PBXFileReference; lastKnownFileType = text.plist; path = "Variable-Compensation-Calculator-Info.plist"; sourceTree = SOURCE_ROOT; };
		C28016FC2B0E8BAD007F2E3B /* PrivacyInfo.xcprivacy */ = {isa = PBXFileReference; lastKnownFileType = text.xml; path = PrivacyInfo.xcprivacy; sourceTree = "<group>"; };
		C2BCAC232AE0B1E000CA2C31 /* ClinicalProductivityModel.swift */ = {isa = PBXFileReference; lastKnownFileType = sourcecode.swift; path = ClinicalProductivityModel.swift; sourceTree = "<group>"; };
		C2BCAC252AE0B34400CA2C31 /* ClinicalSection.swift */ = {isa = PBXFileReference; lastKnownFileType = sourcecode.swift; path = ClinicalSection.swift; sourceTree = "<group>"; };
		C2BCAC272AE1806600CA2C31 /* VacationModel.swift */ = {isa = PBXFileReference; lastKnownFileType = sourcecode.swift; path = VacationModel.swift; sourceTree = "<group>"; };
		C2BCAC2B2AE1814E00CA2C31 /* WellnessAndResiliencySection.swift */ = {isa = PBXFileReference; lastKnownFileType = sourcecode.swift; path = WellnessAndResiliencySection.swift; sourceTree = "<group>"; };
		C2BCAC2D2AE1817B00CA2C31 /* WARActivityModel.swift */ = {isa = PBXFileReference; lastKnownFileType = sourcecode.swift; name = WARActivityModel.swift; path = "../../../../../Library/Mobile Documents/com~apple~CloudDocs/Records/WARActivityModel.swift"; sourceTree = "<group>"; };
		C2BCAC2F2AE18C8800CA2C31 /* SocialProgressModel.swift */ = {isa = PBXFileReference; lastKnownFileType = sourcecode.swift; path = SocialProgressModel.swift; sourceTree = "<group>"; };
		C2BCAC312AE2C53200CA2C31 /* SocialProgressPracticeEvolutionSection.swift */ = {isa = PBXFileReference; lastKnownFileType = sourcecode.swift; path = SocialProgressPracticeEvolutionSection.swift; sourceTree = "<group>"; };
		C2E0F4052AFAAAA300A92FCA /* VCFormView.swift */ = {isa = PBXFileReference; lastKnownFileType = sourcecode.swift; path = VCFormView.swift; sourceTree = "<group>"; };
		C2F9059D2B19719700E1E906 /* AASection.swift */ = {isa = PBXFileReference; lastKnownFileType = sourcecode.swift; path = AASection.swift; sourceTree = "<group>"; };
/* End PBXFileReference section */

/* Begin PBXFrameworksBuildPhase section */
		C200F5942ACB900500601221 /* Frameworks */ = {
			isa = PBXFrameworksBuildPhase;
			buildActionMask = 2147483647;
			files = (
			);
			runOnlyForDeploymentPostprocessing = 0;
		};
/* End PBXFrameworksBuildPhase section */

/* Begin PBXGroup section */
		C200F58E2ACB900500601221 = {
			isa = PBXGroup;
			children = (
				C28016FC2B0E8BAD007F2E3B /* PrivacyInfo.xcprivacy */,
				C200F5992ACB900500601221 /* Variable Compensation Calculator */,
				C200F5982ACB900500601221 /* Products */,
			);
			sourceTree = "<group>";
		};
		C200F5982ACB900500601221 /* Products */ = {
			isa = PBXGroup;
			children = (
				C200F5972ACB900500601221 /* Variable Compensation Calculator.app */,
			);
			name = Products;
			sourceTree = "<group>";
		};
		C200F5992ACB900500601221 /* Variable Compensation Calculator */ = {
			isa = PBXGroup;
			children = (
				C28016FB2B0E8B33007F2E3B /* Variable-Compensation-Calculator-Info.plist */,
				C20C42392AEAEBB500AB4F7B /* Helpers */,
				C25E7E902AE04E4F005615D1 /* Views */,
				C25E7E8D2ADF1AB7005615D1 /* Models */,
				C200F59A2ACB900500601221 /* Variable_Compensation_CalculatorApp.swift */,
				C200F59C2ACB900500601221 /* ContentView.swift */,
				C200F59E2ACB900600601221 /* Assets.xcassets */,
				C200F5A02ACB900600601221 /* Preview Content */,
				C26E0DA02BE41DC700896843 /* README.md */,
				C26E0DA22BE41E3500896843 /* Privacy.md */,
			);
			path = "Variable Compensation Calculator";
			sourceTree = "<group>";
		};
		C200F5A02ACB900600601221 /* Preview Content */ = {
			isa = PBXGroup;
			children = (
				C200F5A12ACB900600601221 /* Preview Assets.xcassets */,
			);
			path = "Preview Content";
			sourceTree = "<group>";
		};
		C20C42392AEAEBB500AB4F7B /* Helpers */ = {
			isa = PBXGroup;
			children = (
				C20C423A2AEAEBC700AB4F7B /* OSLog+Extensions.swift */,
				C251BF2B2BD18C850082F8F2 /* Styles.swift */,
				C251BF302BD2E3FE0082F8F2 /* SectionIsExpanded+EnvironmentValue.swift */,
				C24522292BD80713004E0FB6 /* Double+Extensions.swift */,
			);
			path = Helpers;
			sourceTree = "<group>";
		};
		C251BF2D2BD2CD0B0082F8F2 /* ViewComponents */ = {
			isa = PBXGroup;
			children = (
				C251BF2E2BD2CD1D0082F8F2 /* SectionLabelView.swift */,
				C24522252BD42B2C004E0FB6 /* CustomStepper.swift */,
			);
			path = ViewComponents;
			sourceTree = "<group>";
		};
		C25E7E8D2ADF1AB7005615D1 /* Models */ = {
			isa = PBXGroup;
			children = (
				C20C42372AEAE8F200AB4F7B /* CalculatorModel.swift */,
				C25E7E952AE05335005615D1 /* AcademicProductivityModel.swift */,
				C2BCAC232AE0B1E000CA2C31 /* ClinicalProductivityModel.swift */,
				C2BCAC272AE1806600CA2C31 /* VacationModel.swift */,
				C2BCAC2D2AE1817B00CA2C31 /* WARActivityModel.swift */,
				C2BCAC2F2AE18C8800CA2C31 /* SocialProgressModel.swift */,
				C25E58622AE6D9EC001A4277 /* PracticeEvolutionModel.swift */,
				C25E58642AE6F14F001A4277 /* QualityMeasuresModel.swift */,
				C24522272BD7F1EC004E0FB6 /* AcademicAndAdministrativeModel.swift */,
			);
			path = Models;
			sourceTree = "<group>";
		};
		C25E7E902AE04E4F005615D1 /* Views */ = {
			isa = PBXGroup;
			children = (
				C251BF2D2BD2CD0B0082F8F2 /* ViewComponents */,
				C25E7E932AE051EE005615D1 /* AcademicSection.swift */,
				C2BCAC252AE0B34400CA2C31 /* ClinicalSection.swift */,
				C2BCAC2B2AE1814E00CA2C31 /* WellnessAndResiliencySection.swift */,
				C2BCAC312AE2C53200CA2C31 /* SocialProgressPracticeEvolutionSection.swift */,
				C25E58662AE6F1F0001A4277 /* QualitySection.swift */,
				C2F9059D2B19719700E1E906 /* AASection.swift */,
				C2E0F4052AFAAAA300A92FCA /* VCFormView.swift */,
			);
			path = Views;
			sourceTree = "<group>";
		};
/* End PBXGroup section */

/* Begin PBXNativeTarget section */
		C200F5962ACB900500601221 /* Variable Compensation Calculator */ = {
			isa = PBXNativeTarget;
			buildConfigurationList = C200F5A52ACB900600601221 /* Build configuration list for PBXNativeTarget "Variable Compensation Calculator" */;
			buildPhases = (
				C200F5932ACB900500601221 /* Sources */,
				C200F5942ACB900500601221 /* Frameworks */,
				C200F5952ACB900500601221 /* Resources */,
			);
			buildRules = (
			);
			dependencies = (
			);
			name = "Variable Compensation Calculator";
			productName = "Variable Compensation Calculator";
			productReference = C200F5972ACB900500601221 /* Variable Compensation Calculator.app */;
			productType = "com.apple.product-type.application";
		};
/* End PBXNativeTarget section */

/* Begin PBXProject section */
		C200F58F2ACB900500601221 /* Project object */ = {
			isa = PBXProject;
			attributes = {
				BuildIndependentTargetsInParallel = 1;
				LastSwiftUpdateCheck = 1500;
				LastUpgradeCheck = 1500;
				TargetAttributes = {
					C200F5962ACB900500601221 = {
						CreatedOnToolsVersion = 15.0;
					};
				};
			};
			buildConfigurationList = C200F5922ACB900500601221 /* Build configuration list for PBXProject "Variable Compensation Calculator" */;
			compatibilityVersion = "Xcode 14.0";
			developmentRegion = en;
			hasScannedForEncodings = 0;
			knownRegions = (
				en,
				Base,
			);
			mainGroup = C200F58E2ACB900500601221;
			productRefGroup = C200F5982ACB900500601221 /* Products */;
			projectDirPath = "";
			projectRoot = "";
			targets = (
				C200F5962ACB900500601221 /* Variable Compensation Calculator */,
			);
		};
/* End PBXProject section */

/* Begin PBXResourcesBuildPhase section */
		C200F5952ACB900500601221 /* Resources */ = {
			isa = PBXResourcesBuildPhase;
			buildActionMask = 2147483647;
			files = (
				C28016FD2B0E8BAD007F2E3B /* PrivacyInfo.xcprivacy in Resources */,
				C200F5A22ACB900600601221 /* Preview Assets.xcassets in Resources */,
				C26E0DA12BE41DC700896843 /* README.md in Resources */,
				C200F59F2ACB900600601221 /* Assets.xcassets in Resources */,
			);
			runOnlyForDeploymentPostprocessing = 0;
		};
/* End PBXResourcesBuildPhase section */

/* Begin PBXSourcesBuildPhase section */
		C200F5932ACB900500601221 /* Sources */ = {
			isa = PBXSourcesBuildPhase;
			buildActionMask = 2147483647;
			files = (
				C245222A2BD80713004E0FB6 /* Double+Extensions.swift in Sources */,
				C2BCAC242AE0B1E000CA2C31 /* ClinicalProductivityModel.swift in Sources */,
				C2BCAC2E2AE1817B00CA2C31 /* WARActivityModel.swift in Sources */,
				C25E7E942AE051EE005615D1 /* AcademicSection.swift in Sources */,
				C2BCAC282AE1806600CA2C31 /* VacationModel.swift in Sources */,
				C200F59D2ACB900500601221 /* ContentView.swift in Sources */,
				C2BCAC302AE18C8800CA2C31 /* SocialProgressModel.swift in Sources */,
				C25E7E962AE05335005615D1 /* AcademicProductivityModel.swift in Sources */,
				C2E0F4062AFAAAA300A92FCA /* VCFormView.swift in Sources */,
				C24522262BD42B2C004E0FB6 /* CustomStepper.swift in Sources */,
				C2BCAC322AE2C53200CA2C31 /* SocialProgressPracticeEvolutionSection.swift in Sources */,
				C2BCAC262AE0B34500CA2C31 /* ClinicalSection.swift in Sources */,
				C20C423B2AEAEBC700AB4F7B /* OSLog+Extensions.swift in Sources */,
				C25E58632AE6D9EC001A4277 /* PracticeEvolutionModel.swift in Sources */,
				C2BCAC2C2AE1814E00CA2C31 /* WellnessAndResiliencySection.swift in Sources */,
				C251BF2C2BD18C850082F8F2 /* Styles.swift in Sources */,
				C251BF312BD2E3FE0082F8F2 /* SectionIsExpanded+EnvironmentValue.swift in Sources */,
				C20C42382AEAE8F200AB4F7B /* CalculatorModel.swift in Sources */,
				C25E58672AE6F1F0001A4277 /* QualitySection.swift in Sources */,
				C2F9059E2B19719700E1E906 /* AASection.swift in Sources */,
				C251BF2F2BD2CD1D0082F8F2 /* SectionLabelView.swift in Sources */,
				C25E58652AE6F14F001A4277 /* QualityMeasuresModel.swift in Sources */,
				C200F59B2ACB900500601221 /* Variable_Compensation_CalculatorApp.swift in Sources */,
				C24522282BD7F1EC004E0FB6 /* AcademicAndAdministrativeModel.swift in Sources */,
			);
			runOnlyForDeploymentPostprocessing = 0;
		};
/* End PBXSourcesBuildPhase section */

/* Begin XCBuildConfiguration section */
		C200F5A32ACB900600601221 /* Debug */ = {
			isa = XCBuildConfiguration;
			buildSettings = {
				ALWAYS_SEARCH_USER_PATHS = NO;
				ASSETCATALOG_COMPILER_GENERATE_SWIFT_ASSET_SYMBOL_EXTENSIONS = YES;
				CLANG_ANALYZER_NONNULL = YES;
				CLANG_ANALYZER_NUMBER_OBJECT_CONVERSION = YES_AGGRESSIVE;
				CLANG_CXX_LANGUAGE_STANDARD = "gnu++20";
				CLANG_ENABLE_MODULES = YES;
				CLANG_ENABLE_OBJC_ARC = YES;
				CLANG_ENABLE_OBJC_WEAK = YES;
				CLANG_WARN_BLOCK_CAPTURE_AUTORELEASING = YES;
				CLANG_WARN_BOOL_CONVERSION = YES;
				CLANG_WARN_COMMA = YES;
				CLANG_WARN_CONSTANT_CONVERSION = YES;
				CLANG_WARN_DEPRECATED_OBJC_IMPLEMENTATIONS = YES;
				CLANG_WARN_DIRECT_OBJC_ISA_USAGE = YES_ERROR;
				CLANG_WARN_DOCUMENTATION_COMMENTS = YES;
				CLANG_WARN_EMPTY_BODY = YES;
				CLANG_WARN_ENUM_CONVERSION = YES;
				CLANG_WARN_INFINITE_RECURSION = YES;
				CLANG_WARN_INT_CONVERSION = YES;
				CLANG_WARN_NON_LITERAL_NULL_CONVERSION = YES;
				CLANG_WARN_OBJC_IMPLICIT_RETAIN_SELF = YES;
				CLANG_WARN_OBJC_LITERAL_CONVERSION = YES;
				CLANG_WARN_OBJC_ROOT_CLASS = YES_ERROR;
				CLANG_WARN_QUOTED_INCLUDE_IN_FRAMEWORK_HEADER = YES;
				CLANG_WARN_RANGE_LOOP_ANALYSIS = YES;
				CLANG_WARN_STRICT_PROTOTYPES = YES;
				CLANG_WARN_SUSPICIOUS_MOVE = YES;
				CLANG_WARN_UNGUARDED_AVAILABILITY = YES_AGGRESSIVE;
				CLANG_WARN_UNREACHABLE_CODE = YES;
				CLANG_WARN__DUPLICATE_METHOD_MATCH = YES;
				COPY_PHASE_STRIP = NO;
				DEBUG_INFORMATION_FORMAT = dwarf;
				ENABLE_STRICT_OBJC_MSGSEND = YES;
				ENABLE_TESTABILITY = YES;
				ENABLE_USER_SCRIPT_SANDBOXING = YES;
				GCC_C_LANGUAGE_STANDARD = gnu17;
				GCC_DYNAMIC_NO_PIC = NO;
				GCC_NO_COMMON_BLOCKS = YES;
				GCC_OPTIMIZATION_LEVEL = 0;
				GCC_PREPROCESSOR_DEFINITIONS = (
					"DEBUG=1",
					"$(inherited)",
				);
				GCC_WARN_64_TO_32_BIT_CONVERSION = YES;
				GCC_WARN_ABOUT_RETURN_TYPE = YES_ERROR;
				GCC_WARN_UNDECLARED_SELECTOR = YES;
				GCC_WARN_UNINITIALIZED_AUTOS = YES_AGGRESSIVE;
				GCC_WARN_UNUSED_FUNCTION = YES;
				GCC_WARN_UNUSED_VARIABLE = YES;
				IPHONEOS_DEPLOYMENT_TARGET = 17.0;
				LOCALIZATION_PREFERS_STRING_CATALOGS = YES;
				MTL_ENABLE_DEBUG_INFO = INCLUDE_SOURCE;
				MTL_FAST_MATH = YES;
				ONLY_ACTIVE_ARCH = YES;
				SDKROOT = iphoneos;
				SWIFT_ACTIVE_COMPILATION_CONDITIONS = "DEBUG $(inherited)";
				SWIFT_OPTIMIZATION_LEVEL = "-Onone";
			};
			name = Debug;
		};
		C200F5A42ACB900600601221 /* Release */ = {
			isa = XCBuildConfiguration;
			buildSettings = {
				ALWAYS_SEARCH_USER_PATHS = NO;
				ASSETCATALOG_COMPILER_GENERATE_SWIFT_ASSET_SYMBOL_EXTENSIONS = YES;
				CLANG_ANALYZER_NONNULL = YES;
				CLANG_ANALYZER_NUMBER_OBJECT_CONVERSION = YES_AGGRESSIVE;
				CLANG_CXX_LANGUAGE_STANDARD = "gnu++20";
				CLANG_ENABLE_MODULES = YES;
				CLANG_ENABLE_OBJC_ARC = YES;
				CLANG_ENABLE_OBJC_WEAK = YES;
				CLANG_WARN_BLOCK_CAPTURE_AUTORELEASING = YES;
				CLANG_WARN_BOOL_CONVERSION = YES;
				CLANG_WARN_COMMA = YES;
				CLANG_WARN_CONSTANT_CONVERSION = YES;
				CLANG_WARN_DEPRECATED_OBJC_IMPLEMENTATIONS = YES;
				CLANG_WARN_DIRECT_OBJC_ISA_USAGE = YES_ERROR;
				CLANG_WARN_DOCUMENTATION_COMMENTS = YES;
				CLANG_WARN_EMPTY_BODY = YES;
				CLANG_WARN_ENUM_CONVERSION = YES;
				CLANG_WARN_INFINITE_RECURSION = YES;
				CLANG_WARN_INT_CONVERSION = YES;
				CLANG_WARN_NON_LITERAL_NULL_CONVERSION = YES;
				CLANG_WARN_OBJC_IMPLICIT_RETAIN_SELF = YES;
				CLANG_WARN_OBJC_LITERAL_CONVERSION = YES;
				CLANG_WARN_OBJC_ROOT_CLASS = YES_ERROR;
				CLANG_WARN_QUOTED_INCLUDE_IN_FRAMEWORK_HEADER = YES;
				CLANG_WARN_RANGE_LOOP_ANALYSIS = YES;
				CLANG_WARN_STRICT_PROTOTYPES = YES;
				CLANG_WARN_SUSPICIOUS_MOVE = YES;
				CLANG_WARN_UNGUARDED_AVAILABILITY = YES_AGGRESSIVE;
				CLANG_WARN_UNREACHABLE_CODE = YES;
				CLANG_WARN__DUPLICATE_METHOD_MATCH = YES;
				COPY_PHASE_STRIP = NO;
				DEBUG_INFORMATION_FORMAT = "dwarf-with-dsym";
				ENABLE_NS_ASSERTIONS = NO;
				ENABLE_STRICT_OBJC_MSGSEND = YES;
				ENABLE_USER_SCRIPT_SANDBOXING = YES;
				GCC_C_LANGUAGE_STANDARD = gnu17;
				GCC_NO_COMMON_BLOCKS = YES;
				GCC_WARN_64_TO_32_BIT_CONVERSION = YES;
				GCC_WARN_ABOUT_RETURN_TYPE = YES_ERROR;
				GCC_WARN_UNDECLARED_SELECTOR = YES;
				GCC_WARN_UNINITIALIZED_AUTOS = YES_AGGRESSIVE;
				GCC_WARN_UNUSED_FUNCTION = YES;
				GCC_WARN_UNUSED_VARIABLE = YES;
				IPHONEOS_DEPLOYMENT_TARGET = 17.0;
				LOCALIZATION_PREFERS_STRING_CATALOGS = YES;
				MTL_ENABLE_DEBUG_INFO = NO;
				MTL_FAST_MATH = YES;
				SDKROOT = iphoneos;
				SWIFT_COMPILATION_MODE = wholemodule;
				VALIDATE_PRODUCT = YES;
			};
			name = Release;
		};
		C200F5A62ACB900600601221 /* Debug */ = {
			isa = XCBuildConfiguration;
			buildSettings = {
				ASSETCATALOG_COMPILER_APPICON_NAME = AppIcon;
				ASSETCATALOG_COMPILER_GLOBAL_ACCENT_COLOR_NAME = AccentColor;
				CODE_SIGN_STYLE = Automatic;
				CURRENT_PROJECT_VERSION = 1;
				DEVELOPMENT_ASSET_PATHS = "\"Variable Compensation Calculator/Preview Content\"";
				DEVELOPMENT_TEAM = 79KCMPKE2A;
				ENABLE_PREVIEWS = YES;
				GENERATE_INFOPLIST_FILE = YES;
				INFOPLIST_FILE = "Variable-Compensation-Calculator-Info.plist";
				INFOPLIST_KEY_CFBundleDisplayName = "VC Estimator";
				INFOPLIST_KEY_LSApplicationCategoryType = "public.app-category.utilities";
				INFOPLIST_KEY_UIApplicationSceneManifest_Generation = YES;
				INFOPLIST_KEY_UIApplicationSupportsIndirectInputEvents = YES;
				INFOPLIST_KEY_UILaunchScreen_Generation = YES;
				INFOPLIST_KEY_UISupportedInterfaceOrientations = "UIInterfaceOrientationPortrait UIInterfaceOrientationPortraitUpsideDown";
				LD_RUNPATH_SEARCH_PATHS = (
					"$(inherited)",
					"@executable_path/Frameworks",
				);
				MARKETING_VERSION = 1.0;
				PRODUCT_BUNDLE_IDENTIFIER = "com.cgaafary.DEM-VC-Estimator";
				PRODUCT_NAME = "$(TARGET_NAME)";
				SUPPORTED_PLATFORMS = "iphoneos iphonesimulator";
				SUPPORTS_MACCATALYST = NO;
				SUPPORTS_MAC_DESIGNED_FOR_IPHONE_IPAD = NO;
				SUPPORTS_XR_DESIGNED_FOR_IPHONE_IPAD = NO;
				SWIFT_EMIT_LOC_STRINGS = YES;
				SWIFT_VERSION = 5.0;
				TARGETED_DEVICE_FAMILY = 1;
			};
			name = Debug;
		};
		C200F5A72ACB900600601221 /* Release */ = {
			isa = XCBuildConfiguration;
			buildSettings = {
				ASSETCATALOG_COMPILER_APPICON_NAME = AppIcon;
				ASSETCATALOG_COMPILER_GLOBAL_ACCENT_COLOR_NAME = AccentColor;
				CODE_SIGN_STYLE = Automatic;
				CURRENT_PROJECT_VERSION = 1;
				DEVELOPMENT_ASSET_PATHS = "\"Variable Compensation Calculator/Preview Content\"";
				DEVELOPMENT_TEAM = 79KCMPKE2A;
				ENABLE_PREVIEWS = YES;
				GENERATE_INFOPLIST_FILE = YES;
				INFOPLIST_FILE = "Variable-Compensation-Calculator-Info.plist";
				INFOPLIST_KEY_CFBundleDisplayName = "VC Estimator";
				INFOPLIST_KEY_LSApplicationCategoryType = "public.app-category.utilities";
				INFOPLIST_KEY_UIApplicationSceneManifest_Generation = YES;
				INFOPLIST_KEY_UIApplicationSupportsIndirectInputEvents = YES;
				INFOPLIST_KEY_UILaunchScreen_Generation = YES;
				INFOPLIST_KEY_UISupportedInterfaceOrientations = "UIInterfaceOrientationPortrait UIInterfaceOrientationPortraitUpsideDown";
				LD_RUNPATH_SEARCH_PATHS = (
					"$(inherited)",
					"@executable_path/Frameworks",
				);
				MARKETING_VERSION = 1.0;
				PRODUCT_BUNDLE_IDENTIFIER = "com.cgaafary.DEM-VC-Estimator";
				PRODUCT_NAME = "$(TARGET_NAME)";
				SUPPORTED_PLATFORMS = "iphoneos iphonesimulator";
				SUPPORTS_MACCATALYST = NO;
				SUPPORTS_MAC_DESIGNED_FOR_IPHONE_IPAD = NO;
				SUPPORTS_XR_DESIGNED_FOR_IPHONE_IPAD = NO;
				SWIFT_EMIT_LOC_STRINGS = YES;
				SWIFT_VERSION = 5.0;
				TARGETED_DEVICE_FAMILY = 1;
			};
			name = Release;
		};
/* End XCBuildConfiguration section */

/* Begin XCConfigurationList section */
		C200F5922ACB900500601221 /* Build configuration list for PBXProject "Variable Compensation Calculator" */ = {
			isa = XCConfigurationList;
			buildConfigurations = (
				C200F5A32ACB900600601221 /* Debug */,
				C200F5A42ACB900600601221 /* Release */,
			);
			defaultConfigurationIsVisible = 0;
			defaultConfigurationName = Release;
		};
		C200F5A52ACB900600601221 /* Build configuration list for PBXNativeTarget "Variable Compensation Calculator" */ = {
			isa = XCConfigurationList;
			buildConfigurations = (
				C200F5A62ACB900600601221 /* Debug */,
				C200F5A72ACB900600601221 /* Release */,
			);
			defaultConfigurationIsVisible = 0;
			defaultConfigurationName = Release;
		};
/* End XCConfigurationList section */
	};
	rootObject = C200F58F2ACB900500601221 /* Project object */;
}
